lockfileVersion: '6.0'

settings:
  autoInstallPeers: true
  excludeLinksFromLockfile: false

dependencies:
  '@buf/opentelemetry_opentelemetry.bufbuild_es':
    specifier: 1.9.0-20240508200659-84bab7e375f9.1
    version: 1.9.0-20240508200659-84bab7e375f9.1(@bufbuild/protobuf@1.9.0)
  '@buf/opentelemetry_opentelemetry.connectrpc_es':
    specifier: 1.4.0-20240508200659-84bab7e375f9.2
    version: 1.4.0-20240508200659-84bab7e375f9.2(@bufbuild/protobuf@1.9.0)(@connectrpc/connect@1.4.0)
  '@bufbuild/buf':
    specifier: ^1.31.0
    version: 1.31.0
  '@bufbuild/protobuf':
    specifier: ^1.9.0
    version: 1.9.0
  '@bufbuild/protoc-gen-es':
    specifier: ^1.9.0
    version: 1.9.0(@bufbuild/protobuf@1.9.0)
  '@connectrpc/connect':
    specifier: ^1.4.0
    version: 1.4.0(@bufbuild/protobuf@1.9.0)
  '@connectrpc/connect-node':
    specifier: ^1.4.0
    version: 1.4.0(@bufbuild/protobuf@1.9.0)(@connectrpc/connect@1.4.0)
  '@connectrpc/protoc-gen-connect-es':
    specifier: ^1.4.0
    version: 1.4.0(@bufbuild/protoc-gen-es@1.9.0)(@connectrpc/connect@1.4.0)
  '@hono/node-server':
    specifier: ^1.8.2
    version: 1.11.1
  hono:
    specifier: ^4.1.1
    version: 4.3.6

devDependencies:
  '@biomejs/biome':
    specifier: ^1.7.3
    version: 1.7.3
  '@types/node':
    specifier: ^20.11.17
    version: 20.12.12
  tsx:
    specifier: ^4.10.3
    version: 4.10.3

packages:

  /@biomejs/biome@1.7.3:
    resolution: {integrity: sha512-ogFQI+fpXftr+tiahA6bIXwZ7CSikygASdqMtH07J2cUzrpjyTMVc9Y97v23c7/tL1xCZhM+W9k4hYIBm7Q6cQ==}
    engines: {node: '>=14.21.3'}
    hasBin: true
    requiresBuild: true
    optionalDependencies:
      '@biomejs/cli-darwin-arm64': 1.7.3
      '@biomejs/cli-darwin-x64': 1.7.3
      '@biomejs/cli-linux-arm64': 1.7.3
      '@biomejs/cli-linux-arm64-musl': 1.7.3
      '@biomejs/cli-linux-x64': 1.7.3
      '@biomejs/cli-linux-x64-musl': 1.7.3
      '@biomejs/cli-win32-arm64': 1.7.3
      '@biomejs/cli-win32-x64': 1.7.3
    dev: true

  /@biomejs/cli-darwin-arm64@1.7.3:
    resolution: {integrity: sha512-eDvLQWmGRqrPIRY7AIrkPHkQ3visEItJKkPYSHCscSDdGvKzYjmBJwG1Gu8+QC5ed6R7eiU63LEC0APFBobmfQ==}
    engines: {node: '>=14.21.3'}
    cpu: [arm64]
    os: [darwin]
    requiresBuild: true
    dev: true
    optional: true

  /@biomejs/cli-darwin-x64@1.7.3:
    resolution: {integrity: sha512-JXCaIseKRER7dIURsVlAJacnm8SG5I0RpxZ4ya3dudASYUc68WGl4+FEN03ABY3KMIq7hcK1tzsJiWlmXyosZg==}
    engines: {node: '>=14.21.3'}
    cpu: [x64]
    os: [darwin]
    requiresBuild: true
    dev: true
    optional: true

  /@biomejs/cli-linux-arm64-musl@1.7.3:
    resolution: {integrity: sha512-c8AlO45PNFZ1BYcwaKzdt46kYbuP6xPGuGQ6h4j3XiEDpyseRRUy/h+6gxj07XovmyxKnSX9GSZ6nVbZvcVUAw==}
    engines: {node: '>=14.21.3'}
    cpu: [arm64]
    os: [linux]
    requiresBuild: true
    dev: true
    optional: true

  /@biomejs/cli-linux-arm64@1.7.3:
    resolution: {integrity: sha512-phNTBpo7joDFastnmZsFjYcDYobLTx4qR4oPvc9tJ486Bd1SfEVPHEvJdNJrMwUQK56T+TRClOQd/8X1nnjA9w==}
    engines: {node: '>=14.21.3'}
    cpu: [arm64]
    os: [linux]
    requiresBuild: true
    dev: true
    optional: true

  /@biomejs/cli-linux-x64-musl@1.7.3:
    resolution: {integrity: sha512-UdEHKtYGWEX3eDmVWvQeT+z05T9/Sdt2+F/7zmMOFQ7boANeX8pcO6EkJPK3wxMudrApsNEKT26rzqK6sZRTRA==}
    engines: {node: '>=14.21.3'}
    cpu: [x64]
    os: [linux]
    requiresBuild: true
    dev: true
    optional: true

  /@biomejs/cli-linux-x64@1.7.3:
    resolution: {integrity: sha512-vnedYcd5p4keT3iD48oSKjOIRPYcjSNNbd8MO1bKo9ajg3GwQXZLAH+0Cvlr+eMsO67/HddWmscSQwTFrC/uPA==}
    engines: {node: '>=14.21.3'}
    cpu: [x64]
    os: [linux]
    requiresBuild: true
    dev: true
    optional: true

  /@biomejs/cli-win32-arm64@1.7.3:
    resolution: {integrity: sha512-unNCDqUKjujYkkSxs7gFIfdasttbDC4+z0kYmcqzRk6yWVoQBL4dNLcCbdnJS+qvVDNdI9rHp2NwpQ0WAdla4Q==}
    engines: {node: '>=14.21.3'}
    cpu: [arm64]
    os: [win32]
    requiresBuild: true
    dev: true
    optional: true

  /@biomejs/cli-win32-x64@1.7.3:
    resolution: {integrity: sha512-ZmByhbrnmz/UUFYB622CECwhKIPjJLLPr5zr3edhu04LzbfcOrz16VYeNq5dpO1ADG70FORhAJkaIGdaVBG00w==}
    engines: {node: '>=14.21.3'}
    cpu: [x64]
    os: [win32]
    requiresBuild: true
    dev: true
    optional: true

  /@buf/opentelemetry_opentelemetry.bufbuild_es@1.7.2-20240508200659-84bab7e375f9.1(@bufbuild/protobuf@1.9.0):
    resolution: {tarball: https://buf.build/gen/npm/v1/@buf/opentelemetry_opentelemetry.bufbuild_es/-/opentelemetry_opentelemetry.bufbuild_es-1.7.2-20240508200659-84bab7e375f9.1.tgz}
    peerDependencies:
      '@bufbuild/protobuf': ^1.7.2
    dependencies:
      '@bufbuild/protobuf': 1.9.0
    dev: false

  /@buf/opentelemetry_opentelemetry.bufbuild_es@1.9.0-20240508200659-84bab7e375f9.1(@bufbuild/protobuf@1.9.0):
    resolution: {tarball: https://buf.build/gen/npm/v1/@buf/opentelemetry_opentelemetry.bufbuild_es/-/opentelemetry_opentelemetry.bufbuild_es-1.9.0-20240508200659-84bab7e375f9.1.tgz}
    peerDependencies:
      '@bufbuild/protobuf': ^1.9.0
    dependencies:
      '@bufbuild/protobuf': 1.9.0
    dev: false

  /@buf/opentelemetry_opentelemetry.connectrpc_es@1.4.0-20240508200659-84bab7e375f9.2(@bufbuild/protobuf@1.9.0)(@connectrpc/connect@1.4.0):
    resolution: {tarball: https://buf.build/gen/npm/v1/@buf/opentelemetry_opentelemetry.connectrpc_es/-/opentelemetry_opentelemetry.connectrpc_es-1.4.0-20240508200659-84bab7e375f9.2.tgz}
    peerDependencies:
      '@connectrpc/connect': ^1.4.0
    dependencies:
      '@buf/opentelemetry_opentelemetry.bufbuild_es': 1.7.2-20240508200659-84bab7e375f9.1(@bufbuild/protobuf@1.9.0)
      '@connectrpc/connect': 1.4.0(@bufbuild/protobuf@1.9.0)
    transitivePeerDependencies:
      - '@bufbuild/protobuf'
    dev: false

  /@bufbuild/buf-darwin-arm64@1.31.0:
    resolution: {integrity: sha512-C0jArGS/SW0jfpBBmG6xEhUBWQTsGInnPr7y44WYWNS/U5OnnWPJtYQ7xbH0mzYDMx7sZVRV0FKvPO0FPKS+hA==}
    engines: {node: '>=12'}
    cpu: [arm64]
    os: [darwin]
    requiresBuild: true
    dev: false
    optional: true

  /@bufbuild/buf-darwin-x64@1.31.0:
    resolution: {integrity: sha512-oBTe1T4l2WSukAG+9YS7VHID4N1CuSvAxGBfuzpFQrjjiQZaaTfYuLqqVP6408MyCN7X/LOjfCekR1QToVweNw==}
    engines: {node: '>=12'}
    cpu: [x64]
    os: [darwin]
    requiresBuild: true
    dev: false
    optional: true

  /@bufbuild/buf-linux-aarch64@1.31.0:
    resolution: {integrity: sha512-UN9KsTuO9YS5Vefj/CaqX1wO+hvc3AyGElxzOHMc7S3MWEuqSAFOhxu5I7CyOr2/yoZO2qZPPR29HuzmQsb2+w==}
    engines: {node: '>=12'}
    cpu: [arm64]
    os: [linux]
    requiresBuild: true
    dev: false
    optional: true

  /@bufbuild/buf-linux-x64@1.31.0:
    resolution: {integrity: sha512-4uKq5Iu5tNEFE3Mz9a52KFCaywg5xLqwhN6Kf4kAk34kxWJgQ8D3WFe9ZpXHzH7Lj00u3Q+V/3vKCVATHR3tkw==}
    engines: {node: '>=12'}
    cpu: [x64]
    os: [linux]
    requiresBuild: true
    dev: false
    optional: true

  /@bufbuild/buf-win32-arm64@1.31.0:
    resolution: {integrity: sha512-jz7GenlNsqwbC3qaHcBHBO35MycZ1gV8OUSRp/wTXGgZsEZzAyw335JA2NWL+5LaI8cF+CsYd6/uuWzKkdCKTQ==}
    engines: {node: '>=12'}
    cpu: [arm64]
    os: [win32]
    requiresBuild: true
    dev: false
    optional: true

  /@bufbuild/buf-win32-x64@1.31.0:
    resolution: {integrity: sha512-gw7p3PYam0g7hNwIhNphua5P8GBZczginoWNK3jk5sGVv0TzWOdHrjkVVhkc3DJbRZEg10ExGI3qRfCqiX1IHw==}
    engines: {node: '>=12'}
    cpu: [x64]
    os: [win32]
    requiresBuild: true
    dev: false
    optional: true

  /@bufbuild/buf@1.31.0:
    resolution: {integrity: sha512-kM/eueGkp0NDo8p8B6GXr1MdCzf4w8zEV1gbEiDlaLYDoyeHGLtlf5jF/hrb6MsvCccy3x7cc+cj4Wn/DmoR2g==}
    engines: {node: '>=12'}
    hasBin: true
    requiresBuild: true
    optionalDependencies:
      '@bufbuild/buf-darwin-arm64': 1.31.0
      '@bufbuild/buf-darwin-x64': 1.31.0
      '@bufbuild/buf-linux-aarch64': 1.31.0
      '@bufbuild/buf-linux-x64': 1.31.0
      '@bufbuild/buf-win32-arm64': 1.31.0
      '@bufbuild/buf-win32-x64': 1.31.0
    dev: false

  /@bufbuild/protobuf@1.9.0:
    resolution: {integrity: sha512-W7gp8Q/v1NlCZLsv8pQ3Y0uCu/SHgXOVFK+eUluUKWXmsb6VHkpNx0apdOWWcDbB9sJoKeP8uPrjmehJz6xETQ==}
    dev: false

  /@bufbuild/protoc-gen-es@1.9.0(@bufbuild/protobuf@1.9.0):
    resolution: {integrity: sha512-LJy1nC3Jsfdhs9v48P7qF6YXIqh+usFhXSVzJDTmw0yKjxQ3CKBNISRtaMql/g9hb1MLRU6unHCcFfdz4HSO/Q==}
    engines: {node: '>=14'}
    hasBin: true
    peerDependencies:
      '@bufbuild/protobuf': 1.9.0
    peerDependenciesMeta:
      '@bufbuild/protobuf':
        optional: true
    dependencies:
      '@bufbuild/protobuf': 1.9.0
      '@bufbuild/protoplugin': 1.9.0
    transitivePeerDependencies:
      - supports-color
    dev: false

  /@bufbuild/protoplugin@1.9.0:
    resolution: {integrity: sha512-/mxMiGs5h78RUHT7v4+mv0Wt0gyRf/SOS5PLzKEg2sclEAlFPbXfZ8HjlvxJpXZP/YpP3HvsW/mil3E69G0mXg==}
    dependencies:
      '@bufbuild/protobuf': 1.9.0
      '@typescript/vfs': 1.5.0
      typescript: 4.5.2
    transitivePeerDependencies:
      - supports-color
    dev: false

  /@connectrpc/connect-node@1.4.0(@bufbuild/protobuf@1.9.0)(@connectrpc/connect@1.4.0):
    resolution: {integrity: sha512-0ANnrr6SvsjevsWEgdzHy7BaHkluZyS6s4xNoVt7RBHFR5V/kT9lPokoIbYUOU9JHzdRgTaS3x5595mwUsu15g==}
    engines: {node: '>=16.0.0'}
    peerDependencies:
      '@bufbuild/protobuf': ^1.4.2
      '@connectrpc/connect': 1.4.0
    dependencies:
      '@bufbuild/protobuf': 1.9.0
      '@connectrpc/connect': 1.4.0(@bufbuild/protobuf@1.9.0)
      undici: 5.28.4
    dev: false

  /@connectrpc/connect@1.4.0(@bufbuild/protobuf@1.9.0):
    resolution: {integrity: sha512-vZeOkKaAjyV4+RH3+rJZIfDFJAfr+7fyYr6sLDKbYX3uuTVszhFe9/YKf5DNqrDb5cKdKVlYkGn6DTDqMitAnA==}
    peerDependencies:
      '@bufbuild/protobuf': ^1.4.2
    dependencies:
      '@bufbuild/protobuf': 1.9.0
    dev: false

  /@connectrpc/protoc-gen-connect-es@1.4.0(@bufbuild/protoc-gen-es@1.9.0)(@connectrpc/connect@1.4.0):
    resolution: {integrity: sha512-/7vQ8Q7mEBhV8qEVh/eifRQlQnf8EJ6weMwCD2DljVAQRlZYcW9SLxjYZhV1uM1ZZqQC7Cw2vvgXRg2XQswHBg==}
    engines: {node: '>=16.0.0'}
    hasBin: true
    peerDependencies:
      '@bufbuild/protoc-gen-es': ^1.7.2
      '@connectrpc/connect': 1.4.0
    peerDependenciesMeta:
      '@bufbuild/protoc-gen-es':
        optional: true
      '@connectrpc/connect':
        optional: true
    dependencies:
      '@bufbuild/protobuf': 1.9.0
      '@bufbuild/protoc-gen-es': 1.9.0(@bufbuild/protobuf@1.9.0)
      '@bufbuild/protoplugin': 1.9.0
      '@connectrpc/connect': 1.4.0(@bufbuild/protobuf@1.9.0)
    transitivePeerDependencies:
      - supports-color
    dev: false

  /@esbuild/aix-ppc64@0.20.2:
    resolution: {integrity: sha512-D+EBOJHXdNZcLJRBkhENNG8Wji2kgc9AZ9KiPr1JuZjsNtyHzrsfLRrY0tk2H2aoFu6RANO1y1iPPUCDYWkb5g==}
    engines: {node: '>=12'}
    cpu: [ppc64]
    os: [aix]
    requiresBuild: true
    dev: true
    optional: true

  /@esbuild/android-arm64@0.20.2:
    resolution: {integrity: sha512-mRzjLacRtl/tWU0SvD8lUEwb61yP9cqQo6noDZP/O8VkwafSYwZ4yWy24kan8jE/IMERpYncRt2dw438LP3Xmg==}
    engines: {node: '>=12'}
    cpu: [arm64]
    os: [android]
    requiresBuild: true
    dev: true
    optional: true

  /@esbuild/android-arm@0.20.2:
    resolution: {integrity: sha512-t98Ra6pw2VaDhqNWO2Oph2LXbz/EJcnLmKLGBJwEwXX/JAN83Fym1rU8l0JUWK6HkIbWONCSSatf4sf2NBRx/w==}
    engines: {node: '>=12'}
    cpu: [arm]
    os: [android]
    requiresBuild: true
    dev: true
    optional: true

  /@esbuild/android-x64@0.20.2:
    resolution: {integrity: sha512-btzExgV+/lMGDDa194CcUQm53ncxzeBrWJcncOBxuC6ndBkKxnHdFJn86mCIgTELsooUmwUm9FkhSp5HYu00Rg==}
    engines: {node: '>=12'}
    cpu: [x64]
    os: [android]
    requiresBuild: true
    dev: true
    optional: true

  /@esbuild/darwin-arm64@0.20.2:
    resolution: {integrity: sha512-4J6IRT+10J3aJH3l1yzEg9y3wkTDgDk7TSDFX+wKFiWjqWp/iCfLIYzGyasx9l0SAFPT1HwSCR+0w/h1ES/MjA==}
    engines: {node: '>=12'}
    cpu: [arm64]
    os: [darwin]
    requiresBuild: true
    dev: true
    optional: true

  /@esbuild/darwin-x64@0.20.2:
    resolution: {integrity: sha512-tBcXp9KNphnNH0dfhv8KYkZhjc+H3XBkF5DKtswJblV7KlT9EI2+jeA8DgBjp908WEuYll6pF+UStUCfEpdysA==}
    engines: {node: '>=12'}
    cpu: [x64]
    os: [darwin]
    requiresBuild: true
    dev: true
    optional: true

  /@esbuild/freebsd-arm64@0.20.2:
    resolution: {integrity: sha512-d3qI41G4SuLiCGCFGUrKsSeTXyWG6yem1KcGZVS+3FYlYhtNoNgYrWcvkOoaqMhwXSMrZRl69ArHsGJ9mYdbbw==}
    engines: {node: '>=12'}
    cpu: [arm64]
    os: [freebsd]
    requiresBuild: true
    dev: true
    optional: true

  /@esbuild/freebsd-x64@0.20.2:
    resolution: {integrity: sha512-d+DipyvHRuqEeM5zDivKV1KuXn9WeRX6vqSqIDgwIfPQtwMP4jaDsQsDncjTDDsExT4lR/91OLjRo8bmC1e+Cw==}
    engines: {node: '>=12'}
    cpu: [x64]
    os: [freebsd]
    requiresBuild: true
    dev: true
    optional: true

  /@esbuild/linux-arm64@0.20.2:
    resolution: {integrity: sha512-9pb6rBjGvTFNira2FLIWqDk/uaf42sSyLE8j1rnUpuzsODBq7FvpwHYZxQ/It/8b+QOS1RYfqgGFNLRI+qlq2A==}
    engines: {node: '>=12'}
    cpu: [arm64]
    os: [linux]
    requiresBuild: true
    dev: true
    optional: true

  /@esbuild/linux-arm@0.20.2:
    resolution: {integrity: sha512-VhLPeR8HTMPccbuWWcEUD1Az68TqaTYyj6nfE4QByZIQEQVWBB8vup8PpR7y1QHL3CpcF6xd5WVBU/+SBEvGTg==}
    engines: {node: '>=12'}
    cpu: [arm]
    os: [linux]
    requiresBuild: true
    dev: true
    optional: true

  /@esbuild/linux-ia32@0.20.2:
    resolution: {integrity: sha512-o10utieEkNPFDZFQm9CoP7Tvb33UutoJqg3qKf1PWVeeJhJw0Q347PxMvBgVVFgouYLGIhFYG0UGdBumROyiig==}
    engines: {node: '>=12'}
    cpu: [ia32]
    os: [linux]
    requiresBuild: true
    dev: true
    optional: true

  /@esbuild/linux-loong64@0.20.2:
    resolution: {integrity: sha512-PR7sp6R/UC4CFVomVINKJ80pMFlfDfMQMYynX7t1tNTeivQ6XdX5r2XovMmha/VjR1YN/HgHWsVcTRIMkymrgQ==}
    engines: {node: '>=12'}
    cpu: [loong64]
    os: [linux]
    requiresBuild: true
    dev: true
    optional: true

  /@esbuild/linux-mips64el@0.20.2:
    resolution: {integrity: sha512-4BlTqeutE/KnOiTG5Y6Sb/Hw6hsBOZapOVF6njAESHInhlQAghVVZL1ZpIctBOoTFbQyGW+LsVYZ8lSSB3wkjA==}
    engines: {node: '>=12'}
    cpu: [mips64el]
    os: [linux]
    requiresBuild: true
    dev: true
    optional: true

  /@esbuild/linux-ppc64@0.20.2:
    resolution: {integrity: sha512-rD3KsaDprDcfajSKdn25ooz5J5/fWBylaaXkuotBDGnMnDP1Uv5DLAN/45qfnf3JDYyJv/ytGHQaziHUdyzaAg==}
    engines: {node: '>=12'}
    cpu: [ppc64]
    os: [linux]
    requiresBuild: true
    dev: true
    optional: true

  /@esbuild/linux-riscv64@0.20.2:
    resolution: {integrity: sha512-snwmBKacKmwTMmhLlz/3aH1Q9T8v45bKYGE3j26TsaOVtjIag4wLfWSiZykXzXuE1kbCE+zJRmwp+ZbIHinnVg==}
    engines: {node: '>=12'}
    cpu: [riscv64]
    os: [linux]
    requiresBuild: true
    dev: true
    optional: true

  /@esbuild/linux-s390x@0.20.2:
    resolution: {integrity: sha512-wcWISOobRWNm3cezm5HOZcYz1sKoHLd8VL1dl309DiixxVFoFe/o8HnwuIwn6sXre88Nwj+VwZUvJf4AFxkyrQ==}
    engines: {node: '>=12'}
    cpu: [s390x]
    os: [linux]
    requiresBuild: true
    dev: true
    optional: true

  /@esbuild/linux-x64@0.20.2:
    resolution: {integrity: sha512-1MdwI6OOTsfQfek8sLwgyjOXAu+wKhLEoaOLTjbijk6E2WONYpH9ZU2mNtR+lZ2B4uwr+usqGuVfFT9tMtGvGw==}
    engines: {node: '>=12'}
    cpu: [x64]
    os: [linux]
    requiresBuild: true
    dev: true
    optional: true

  /@esbuild/netbsd-x64@0.20.2:
    resolution: {integrity: sha512-K8/DhBxcVQkzYc43yJXDSyjlFeHQJBiowJ0uVL6Tor3jGQfSGHNNJcWxNbOI8v5k82prYqzPuwkzHt3J1T1iZQ==}
    engines: {node: '>=12'}
    cpu: [x64]
    os: [netbsd]
    requiresBuild: true
    dev: true
    optional: true

  /@esbuild/openbsd-x64@0.20.2:
    resolution: {integrity: sha512-eMpKlV0SThJmmJgiVyN9jTPJ2VBPquf6Kt/nAoo6DgHAoN57K15ZghiHaMvqjCye/uU4X5u3YSMgVBI1h3vKrQ==}
    engines: {node: '>=12'}
    cpu: [x64]
    os: [openbsd]
    requiresBuild: true
    dev: true
    optional: true

  /@esbuild/sunos-x64@0.20.2:
    resolution: {integrity: sha512-2UyFtRC6cXLyejf/YEld4Hajo7UHILetzE1vsRcGL3earZEW77JxrFjH4Ez2qaTiEfMgAXxfAZCm1fvM/G/o8w==}
    engines: {node: '>=12'}
    cpu: [x64]
    os: [sunos]
    requiresBuild: true
    dev: true
    optional: true

  /@esbuild/win32-arm64@0.20.2:
    resolution: {integrity: sha512-GRibxoawM9ZCnDxnP3usoUDO9vUkpAxIIZ6GQI+IlVmr5kP3zUq+l17xELTHMWTWzjxa2guPNyrpq1GWmPvcGQ==}
    engines: {node: '>=12'}
    cpu: [arm64]
    os: [win32]
    requiresBuild: true
    dev: true
    optional: true

  /@esbuild/win32-ia32@0.20.2:
    resolution: {integrity: sha512-HfLOfn9YWmkSKRQqovpnITazdtquEW8/SoHW7pWpuEeguaZI4QnCRW6b+oZTztdBnZOS2hqJ6im/D5cPzBTTlQ==}
    engines: {node: '>=12'}
    cpu: [ia32]
    os: [win32]
    requiresBuild: true
    dev: true
    optional: true

  /@esbuild/win32-x64@0.20.2:
    resolution: {integrity: sha512-N49X4lJX27+l9jbLKSqZ6bKNjzQvHaT8IIFUy+YIqmXQdjYCToGWwOItDrfby14c78aDd5NHQl29xingXfCdLQ==}
    engines: {node: '>=12'}
    cpu: [x64]
    os: [win32]
    requiresBuild: true
    dev: true
    optional: true

  /@fastify/busboy@2.1.1:
    resolution: {integrity: sha512-vBZP4NlzfOlerQTnba4aqZoMhE/a9HY7HRqoOPaETQcSQuWEIyZMHGfVu6w9wGtGK5fED5qRs2DteVCjOH60sA==}
    engines: {node: '>=14'}
    dev: false

  /@hono/node-server@1.11.1:
    resolution: {integrity: sha512-GW1Iomhmm1o4Z+X57xGby8A35Cu9UZLL7pSMdqDBkD99U5cywff8F+8hLk5aBTzNubnsFAvWQ/fZjNwPsEn9lA==}
    engines: {node: '>=18.14.1'}
    dev: false

  /@types/node@20.12.12:
    resolution: {integrity: sha512-eWLDGF/FOSPtAvEqeRAQ4C8LSA7M1I7i0ky1I8U7kD1J5ITyW3AsRhQrKVoWf5pFKZ2kILsEGJhsI9r93PYnOw==}
    dependencies:
      undici-types: 5.26.5
    dev: true

  /@typescript/vfs@1.5.0:
    resolution: {integrity: sha512-AJS307bPgbsZZ9ggCT3wwpg3VbTKMFNHfaY/uF0ahSkYYrPF2dSSKDNIDIQAHm9qJqbLvCsSJH7yN4Vs/CsMMg==}
    dependencies:
      debug: 4.3.4
    transitivePeerDependencies:
      - supports-color
    dev: false

  /debug@4.3.4:
    resolution: {integrity: sha512-PRWFHuSU3eDtQJPvnNY7Jcket1j0t5OuOsFzPPzsekD52Zl8qUfFIPEiswXqIvHWGVHOgX+7G/vCNNhehwxfkQ==}
    engines: {node: '>=6.0'}
    peerDependencies:
      supports-color: '*'
    peerDependenciesMeta:
      supports-color:
        optional: true
    dependencies:
      ms: 2.1.2
    dev: false

  /esbuild@0.20.2:
    resolution: {integrity: sha512-WdOOppmUNU+IbZ0PaDiTst80zjnrOkyJNHoKupIcVyU8Lvla3Ugx94VzkQ32Ijqd7UhHJy75gNWDMUekcrSJ6g==}
    engines: {node: '>=12'}
    hasBin: true
    requiresBuild: true
    optionalDependencies:
      '@esbuild/aix-ppc64': 0.20.2
      '@esbuild/android-arm': 0.20.2
      '@esbuild/android-arm64': 0.20.2
      '@esbuild/android-x64': 0.20.2
      '@esbuild/darwin-arm64': 0.20.2
      '@esbuild/darwin-x64': 0.20.2
      '@esbuild/freebsd-arm64': 0.20.2
      '@esbuild/freebsd-x64': 0.20.2
      '@esbuild/linux-arm': 0.20.2
      '@esbuild/linux-arm64': 0.20.2
      '@esbuild/linux-ia32': 0.20.2
      '@esbuild/linux-loong64': 0.20.2
      '@esbuild/linux-mips64el': 0.20.2
      '@esbuild/linux-ppc64': 0.20.2
      '@esbuild/linux-riscv64': 0.20.2
      '@esbuild/linux-s390x': 0.20.2
      '@esbuild/linux-x64': 0.20.2
      '@esbuild/netbsd-x64': 0.20.2
      '@esbuild/openbsd-x64': 0.20.2
      '@esbuild/sunos-x64': 0.20.2
      '@esbuild/win32-arm64': 0.20.2
      '@esbuild/win32-ia32': 0.20.2
      '@esbuild/win32-x64': 0.20.2
    dev: true

  /fsevents@2.3.3:
    resolution: {integrity: sha512-5xoDfX+fL7faATnagmWPpbFtwh/R77WmMMqqHGS65C3vvB0YHrgF+B1YmZ3441tMj5n63k0212XNoJwzlhffQw==}
    engines: {node: ^8.16.0 || ^10.6.0 || >=11.0.0}
    os: [darwin]
    requiresBuild: true
    dev: true
    optional: true

  /get-tsconfig@4.7.5:
    resolution: {integrity: sha512-ZCuZCnlqNzjb4QprAzXKdpp/gh6KTxSJuw3IBsPnV/7fV4NxC9ckB+vPTt8w7fJA0TaSD7c55BR47JD6MEDyDw==}
    dependencies:
      resolve-pkg-maps: 1.0.0
    dev: true

  /hono@4.3.6:
    resolution: {integrity: sha512-2IqXwrxWF4tG2AR7b5tMYn+KEnWK8UvdC/NUSbOKWj/Kj11OJqel58FxyiXLK5CcKLiL8aGtTe4lkBKXyaHMBQ==}
    engines: {node: '>=16.0.0'}
    dev: false

  /ms@2.1.2:
    resolution: {integrity: sha512-sGkPx+VjMtmA6MX27oA4FBFELFCZZ4S4XqeGOXCv68tT+jb3vk/RyaKWP0PTKyWtmLSM0b+adUTEvbs1PEaH2w==}
    dev: false

  /resolve-pkg-maps@1.0.0:
    resolution: {integrity: sha512-seS2Tj26TBVOC2NIc2rOe2y2ZO7efxITtLZcGSOnHHNOQ7CkiUBfw0Iw2ck6xkIhPwLhKNLS8BO+hEpngQlqzw==}
    dev: true

  /tsx@4.10.3:
    resolution: {integrity: sha512-f0g60aFSVRVkzcQkEflh8fPLRfmt+HJHgWi/plG5UgvVaV+9TcpOwJ0sZJSACXmwmjMPg9yQR0BhTLbhkfV2uA==}
    engines: {node: '>=18.0.0'}
    hasBin: true
    dependencies:
      esbuild: 0.20.2
      get-tsconfig: 4.7.5
    optionalDependencies:
      fsevents: 2.3.3
    dev: true

  /typescript@4.5.2:
    resolution: {integrity: sha512-5BlMof9H1yGt0P8/WF+wPNw6GfctgGjXp5hkblpyT+8rkASSmkUKMXrxR0Xg8ThVCi/JnHQiKXeBaEwCeQwMFw==}
    engines: {node: '>=4.2.0'}
    hasBin: true
    dev: false

  /undici-types@5.26.5:
    resolution: {integrity: sha512-JlCMO+ehdEIKqlFxk6IfVoAUVmgz7cU7zD/h9XZ0qzeosSHmUJVOzSQvvYSYWXkFXC+IfLKSIffhv0sVZup6pA==}
    dev: true

  /undici@5.28.4:
    resolution: {integrity: sha512-72RFADWFqKmUb2hmmvNODKL3p9hcB6Gt2DOQMis1SEBaV6a4MH8soBvzg+95CYhCKPFedut2JY9bMfrDl9D23g==}
    engines: {node: '>=14.0'}
    dependencies:
      '@fastify/busboy': 2.1.1
    dev: false
